
Microsoft Visual Studio Solution File, Format Version 12.00
# Visual Studio Version 17
VisualStudioVersion = 17.11.35327.3
MinimumVisualStudioVersion = 10.0.40219.1
Project("{9A19103F-16F7-4668-BE54-9A1E7A4F7556}") = "Simulator", "Simulator\Simulator.csproj", "{23A859E9-7447-4871-955E-01BE24923574}"
EndProject
Project("{9A19103F-16F7-4668-BE54-9A1E7A4F7556}") = "Runner", "Runner\Runner.csproj", "{8E6DAE0F-3897-4E1A-A1BC-BE17923416F9}"
EndProject
Project("{9A19103F-16F7-4668-BE54-9A1E7A4F7556}") = "TestSimulator", "TestSimulator\TestSimulator.csproj", "{1910D2CD-6780-4AD3-8D59-927271208F1E}"
EndProject
Project("{FAE04EC0-301F-11D3-BF4B-00C04F79EFBC}") = "SimConsole", "ConsoleApp1\SimConsole.csproj", "{7659A6C4-9FA6-470C-AAED-8EB6481E84C7}"
EndProject
Global
	GlobalSection(SolutionConfigurationPlatforms) = preSolution
		Debug|Any CPU = Debug|Any CPU
		Release|Any CPU = Release|Any CPU
	EndGlobalSection
	GlobalSection(ProjectConfigurationPlatforms) = postSolution
		{23A859E9-7447-4871-955E-01BE24923574}.Debug|Any CPU.ActiveCfg = Debug|Any CPU
		{23A859E9-7447-4871-955E-01BE24923574}.Debug|Any CPU.Build.0 = Debug|Any CPU
		{23A859E9-7447-4871-955E-01BE24923574}.Release|Any CPU.ActiveCfg = Release|Any CPU
		{23A859E9-7447-4871-955E-01BE24923574}.Release|Any CPU.Build.0 = Release|Any CPU
		{8E6DAE0F-3897-4E1A-A1BC-BE17923416F9}.Debug|Any CPU.ActiveCfg = Debug|Any CPU
		{8E6DAE0F-3897-4E1A-A1BC-BE17923416F9}.Debug|Any CPU.Build.0 = Debug|Any CPU
		{8E6DAE0F-3897-4E1A-A1BC-BE17923416F9}.Release|Any CPU.ActiveCfg = Release|Any CPU
		{8E6DAE0F-3897-4E1A-A1BC-BE17923416F9}.Release|Any CPU.Build.0 = Release|Any CPU
		{1910D2CD-6780-4AD3-8D59-927271208F1E}.Debug|Any CPU.ActiveCfg = Debug|Any CPU
		{1910D2CD-6780-4AD3-8D59-927271208F1E}.Debug|Any CPU.Build.0 = Debug|Any CPU
		{1910D2CD-6780-4AD3-8D59-927271208F1E}.Release|Any CPU.ActiveCfg = Release|Any CPU
		{1910D2CD-6780-4AD3-8D59-927271208F1E}.Release|Any CPU.Build.0 = Release|Any CPU
		{7659A6C4-9FA6-470C-AAED-8EB6481E84C7}.Debug|Any CPU.ActiveCfg = Debug|Any CPU
		{7659A6C4-9FA6-470C-AAED-8EB6481E84C7}.Debug|Any CPU.Build.0 = Debug|Any CPU
		{7659A6C4-9FA6-470C-AAED-8EB6481E84C7}.Release|Any CPU.ActiveCfg = Release|Any CPU
		{7659A6C4-9FA6-470C-AAED-8EB6481E84C7}.Release|Any CPU.Build.0 = Release|Any CPU
	EndGlobalSection
	GlobalSection(SolutionProperties) = preSolution
		HideSolutionNode = FALSE
	EndGlobalSection
	GlobalSection(ExtensibilityGlobals) = postSolution
		SolutionGuid = {BAE9E9B2-FB12-4431-B7A4-949E48D0755B}
	EndGlobalSection
EndGlobal
